
Microsoft Visual Studio Solution File, Format Version 12.00
# Visual Studio Version 16
VisualStudioVersion = 16.0.31729.503
MinimumVisualStudioVersion = 10.0.40219.1
Project("{F184B08F-C81C-45F6-A57F-5ABD9991F28F}") = "MRACommon", "MRACommon\MRACommon.vbproj", "{2938B215-A02B-4E40-B771-7FFDF9D6C871}"
EndProject
Project("{F184B08F-C81C-45F6-A57F-5ABD9991F28F}") = "MRA-FE-0021", "MRA-FE-0021\MRA-FE-0021.vbproj", "{2731EFCC-B44A-4697-B43A-610497FD1B1E}"
EndProject
Project("{F184B08F-C81C-45F6-A57F-5ABD9991F28F}") = "MRA-FE-0022", "MRA-FE-0022\MRA-FE-0022.vbproj", "{882F3AF3-F91B-4EC6-A5BE-5B1373BA5EA3}"
EndProject
Project("{F184B08F-C81C-45F6-A57F-5ABD9991F28F}") = "MRA-FE-0031", "MRA-FE-0031\MRA-FE-0031.vbproj", "{E94E13AA-C923-41DD-8643-6840094F90DE}"
EndProject
Project("{F184B08F-C81C-45F6-A57F-5ABD9991F28F}") = "MRA-FE-0032", "MRA-FE-0032\MRA-FE-0032.vbproj", "{BB2B721E-07A3-41EA-9A21-7F002A194224}"
EndProject
Project("{F184B08F-C81C-45F6-A57F-5ABD9991F28F}") = "MRA-FE-0041", "MRA-FE-0041\MRA-FE-0041.vbproj", "{13D76C96-B4EC-4B9C-945C-BCE61BF516C5}"
EndProject
Project("{F184B08F-C81C-45F6-A57F-5ABD9991F28F}") = "MRA-FE-0042", "MRA-FE-0042\MRA-FE-0042.vbproj", "{D7C223ED-8203-4A9E-91FA-86FE584F67E3}"
EndProject
Project("{F184B08F-C81C-45F6-A57F-5ABD9991F28F}") = "MRA-FE-0051", "MRA-FE-0051\MRA-FE-0051.vbproj", "{A479F2D2-1655-4C22-AF4D-3F78F079D6E5}"
EndProject
Project("{F184B08F-C81C-45F6-A57F-5ABD9991F28F}") = "MRA-FE-0011", "MRA-FE-0011\MRA-FE-0011.vbproj", "{AA49CC34-0E38-4CCC-B9B5-F1F10C76360E}"
EndProject
Project("{F184B08F-C81C-45F6-A57F-5ABD9991F28F}") = "MRA-FW", "MRA-FW\MRA-FW.vbproj", "{EE96207A-B86C-4309-AC2B-6F31B8127396}"
EndProject
Global
	GlobalSection(SolutionConfigurationPlatforms) = preSolution
		Debug|Any CPU = Debug|Any CPU
		Release|Any CPU = Release|Any CPU
	EndGlobalSection
	GlobalSection(ProjectConfigurationPlatforms) = postSolution
		{2938B215-A02B-4E40-B771-7FFDF9D6C871}.Debug|Any CPU.ActiveCfg = Debug|Any CPU
		{2938B215-A02B-4E40-B771-7FFDF9D6C871}.Debug|Any CPU.Build.0 = Debug|Any CPU
		{2938B215-A02B-4E40-B771-7FFDF9D6C871}.Release|Any CPU.ActiveCfg = Release|Any CPU
		{2938B215-A02B-4E40-B771-7FFDF9D6C871}.Release|Any CPU.Build.0 = Release|Any CPU
		{2731EFCC-B44A-4697-B43A-610497FD1B1E}.Debug|Any CPU.ActiveCfg = Debug|Any CPU
		{2731EFCC-B44A-4697-B43A-610497FD1B1E}.Debug|Any CPU.Build.0 = Debug|Any CPU
		{2731EFCC-B44A-4697-B43A-610497FD1B1E}.Release|Any CPU.ActiveCfg = Release|Any CPU
		{2731EFCC-B44A-4697-B43A-610497FD1B1E}.Release|Any CPU.Build.0 = Release|Any CPU
		{882F3AF3-F91B-4EC6-A5BE-5B1373BA5EA3}.Debug|Any CPU.ActiveCfg = Debug|Any CPU
		{882F3AF3-F91B-4EC6-A5BE-5B1373BA5EA3}.Debug|Any CPU.Build.0 = Debug|Any CPU
		{882F3AF3-F91B-4EC6-A5BE-5B1373BA5EA3}.Release|Any CPU.ActiveCfg = Release|Any CPU
		{882F3AF3-F91B-4EC6-A5BE-5B1373BA5EA3}.Release|Any CPU.Build.0 = Release|Any CPU
		{E94E13AA-C923-41DD-8643-6840094F90DE}.Debug|Any CPU.ActiveCfg = Debug|Any CPU
		{E94E13AA-C923-41DD-8643-6840094F90DE}.Debug|Any CPU.Build.0 = Debug|Any CPU
		{E94E13AA-C923-41DD-8643-6840094F90DE}.Release|Any CPU.ActiveCfg = Release|Any CPU
		{E94E13AA-C923-41DD-8643-6840094F90DE}.Release|Any CPU.Build.0 = Release|Any CPU
		{BB2B721E-07A3-41EA-9A21-7F002A194224}.Debug|Any CPU.ActiveCfg = Debug|Any CPU
		{BB2B721E-07A3-41EA-9A21-7F002A194224}.Debug|Any CPU.Build.0 = Debug|Any CPU
		{BB2B721E-07A3-41EA-9A21-7F002A194224}.Release|Any CPU.ActiveCfg = Release|Any CPU
		{BB2B721E-07A3-41EA-9A21-7F002A194224}.Release|Any CPU.Build.0 = Release|Any CPU
		{13D76C96-B4EC-4B9C-945C-BCE61BF516C5}.Debug|Any CPU.ActiveCfg = Debug|Any CPU
		{13D76C96-B4EC-4B9C-945C-BCE61BF516C5}.Debug|Any CPU.Build.0 = Debug|Any CPU
		{13D76C96-B4EC-4B9C-945C-BCE61BF516C5}.Release|Any CPU.ActiveCfg = Release|Any CPU
		{13D76C96-B4EC-4B9C-945C-BCE61BF516C5}.Release|Any CPU.Build.0 = Release|Any CPU
		{D7C223ED-8203-4A9E-91FA-86FE584F67E3}.Debug|Any CPU.ActiveCfg = Debug|Any CPU
		{D7C223ED-8203-4A9E-91FA-86FE584F67E3}.Debug|Any CPU.Build.0 = Debug|Any CPU
		{D7C223ED-8203-4A9E-91FA-86FE584F67E3}.Release|Any CPU.ActiveCfg = Release|Any CPU
		{D7C223ED-8203-4A9E-91FA-86FE584F67E3}.Release|Any CPU.Build.0 = Release|Any CPU
		{A479F2D2-1655-4C22-AF4D-3F78F079D6E5}.Debug|Any CPU.ActiveCfg = Debug|Any CPU
		{A479F2D2-1655-4C22-AF4D-3F78F079D6E5}.Debug|Any CPU.Build.0 = Debug|Any CPU
		{A479F2D2-1655-4C22-AF4D-3F78F079D6E5}.Release|Any CPU.ActiveCfg = Release|Any CPU
		{A479F2D2-1655-4C22-AF4D-3F78F079D6E5}.Release|Any CPU.Build.0 = Release|Any CPU
		{AA49CC34-0E38-4CCC-B9B5-F1F10C76360E}.Debug|Any CPU.ActiveCfg = Debug|Any CPU
		{AA49CC34-0E38-4CCC-B9B5-F1F10C76360E}.Debug|Any CPU.Build.0 = Debug|Any CPU
		{AA49CC34-0E38-4CCC-B9B5-F1F10C76360E}.Release|Any CPU.ActiveCfg = Release|Any CPU
		{AA49CC34-0E38-4CCC-B9B5-F1F10C76360E}.Release|Any CPU.Build.0 = Release|Any CPU
		{EE96207A-B86C-4309-AC2B-6F31B8127396}.Debug|Any CPU.ActiveCfg = Debug|Any CPU
		{EE96207A-B86C-4309-AC2B-6F31B8127396}.Debug|Any CPU.Build.0 = Debug|Any CPU
		{EE96207A-B86C-4309-AC2B-6F31B8127396}.Release|Any CPU.ActiveCfg = Release|Any CPU
		{EE96207A-B86C-4309-AC2B-6F31B8127396}.Release|Any CPU.Build.0 = Release|Any CPU
	EndGlobalSection
	GlobalSection(SolutionProperties) = preSolution
		HideSolutionNode = FALSE
	EndGlobalSection
	GlobalSection(ExtensibilityGlobals) = postSolution
		SolutionGuid = {71692C66-8209-4991-8B8A-4D9C0A1BF046}
	EndGlobalSection
EndGlobal
